
Microsoft Visual Studio Solution File, Format Version 12.00
# Visual Studio Version 16
VisualStudioVersion = 16.0.31205.134
MinimumVisualStudioVersion = 10.0.40219.1
Project("{FAE04EC0-301F-11D3-BF4B-00C04F79EFBC}") = "cw10", "cw10\cw10.csproj", "{E297667A-6941-4D58-8546-E5F2B7F33982}"
EndProject
Global
	GlobalSection(SolutionConfigurationPlatforms) = preSolution
		Debug|Any CPU = Debug|Any CPU
		Release|Any CPU = Release|Any CPU
	EndGlobalSection
	GlobalSection(ProjectConfigurationPlatforms) = postSolution
		{E297667A-6941-4D58-8546-E5F2B7F33982}.Debug|Any CPU.ActiveCfg = Debug|Any CPU
		{E297667A-6941-4D58-8546-E5F2B7F33982}.Debug|Any CPU.Build.0 = Debug|Any CPU
		{E297667A-6941-4D58-8546-E5F2B7F33982}.Release|Any CPU.ActiveCfg = Release|Any CPU
		{E297667A-6941-4D58-8546-E5F2B7F33982}.Release|Any CPU.Build.0 = Release|Any CPU
	EndGlobalSection
	GlobalSection(SolutionProperties) = preSolution
		HideSolutionNode = FALSE
	EndGlobalSection
	GlobalSection(ExtensibilityGlobals) = postSolution
		SolutionGuid = {9BFE811B-FC12-4F0E-9FAC-277FDCF6F5BD}
	EndGlobalSection
EndGlobal
